
Microsoft Visual Studio Solution File, Format Version 12.00
# Visual Studio 15
VisualStudioVersion = 15.0.27004.2006
MinimumVisualStudioVersion = 10.0.40219.1
Project("{FAE04EC0-301F-11D3-BF4B-00C04F79EFBC}") = "WebAPI", "WebAPI\WebAPI.csproj", "{F4EA93CA-F4B6-4FEE-A826-8D4EC31A7D13}"
EndProject
Project("{FAE04EC0-301F-11D3-BF4B-00C04F79EFBC}") = "WebAPIClient", "WebAPIClient\WebAPIClient.csproj", "{6C63CB08-ED38-4720-BC7A-63FE5AF03335}"
EndProject
Global
	GlobalSection(SolutionConfigurationPlatforms) = preSolution
		Debug|Any CPU = Debug|Any CPU
		Release|Any CPU = Release|Any CPU
	EndGlobalSection
	GlobalSection(ProjectConfigurationPlatforms) = postSolution
		{F4EA93CA-F4B6-4FEE-A826-8D4EC31A7D13}.Debug|Any CPU.ActiveCfg = Debug|Any CPU
		{F4EA93CA-F4B6-4FEE-A826-8D4EC31A7D13}.Debug|Any CPU.Build.0 = Debug|Any CPU
		{F4EA93CA-F4B6-4FEE-A826-8D4EC31A7D13}.Release|Any CPU.ActiveCfg = Release|Any CPU
		{F4EA93CA-F4B6-4FEE-A826-8D4EC31A7D13}.Release|Any CPU.Build.0 = Release|Any CPU
		{6C63CB08-ED38-4720-BC7A-63FE5AF03335}.Debug|Any CPU.ActiveCfg = Debug|Any CPU
		{6C63CB08-ED38-4720-BC7A-63FE5AF03335}.Debug|Any CPU.Build.0 = Debug|Any CPU
		{6C63CB08-ED38-4720-BC7A-63FE5AF03335}.Release|Any CPU.ActiveCfg = Release|Any CPU
		{6C63CB08-ED38-4720-BC7A-63FE5AF03335}.Release|Any CPU.Build.0 = Release|Any CPU
	EndGlobalSection
	GlobalSection(SolutionProperties) = preSolution
		HideSolutionNode = FALSE
	EndGlobalSection
	GlobalSection(ExtensibilityGlobals) = postSolution
		SolutionGuid = {3B09FC58-B521-490C-BC27-BDC33799FD11}
	EndGlobalSection
EndGlobal
